SHA256
6272696467653d343663623334343966633464393234383131653638373339643564393634303563356631306162616565396333666431323563323166623661323930353663330a6d656e74616c3d663964646438653339323333613265373638633063346337336337336130356638663236646332376636386565303638303935373030383930386666323739380a7061747465726e3d343339313531663035333233663365353039333530643435356332613966326235653039653432353630316461313639336266636164633632626636633633350a7361666574793d38313561333739393132643330313864303361646434343035396666316163653361326539613166396562363565346532613834663333383563306431643962
ENTRIES 102